
Microsoft Visual Studio Solution File, Format Version 12.00
# Visual Studio 14
VisualStudioVersion = 14.0.25123.0
MinimumVisualStudioVersion = 10.0.40219.1
Project("{FAE04EC0-301F-11D3-BF4B-00C04F79EFBC}") = "Common", "Common\Common.csproj", "{7EA1BE8D-819E-4A82-A53B-FFC1C6D9877F}"
EndProject
Project("{FAE04EC0-301F-11D3-BF4B-00C04F79EFBC}") = "Demo", "Demo\Demo.csproj", "{06263CB0-4FF8-4C98-93BA-A5D4FFDEB616}"
EndProject
Project("{FAE04EC0-301F-11D3-BF4B-00C04F79EFBC}") = "Web", "Web\Web.csproj", "{988A3DC3-0A0D-4D7F-B43E-9632C0D238D0}"
EndProject
Project("{FAE04EC0-301F-11D3-BF4B-00C04F79EFBC}") = "Model", "Model\Model.csproj", "{57EFE4FC-6A66-43D8-891B-59BE491A2108}"
EndProject
Project("{FAE04EC0-301F-11D3-BF4B-00C04F79EFBC}") = "DataAccess", "DataAccess\DataAccess.csproj", "{A4F44D3B-057A-476D-B3FE-5F71BAE89396}"
EndProject
Global
	GlobalSection(SolutionConfigurationPlatforms) = preSolution
		Debug|Any CPU = Debug|Any CPU
		Release|Any CPU = Release|Any CPU
	EndGlobalSection
	GlobalSection(ProjectConfigurationPlatforms) = postSolution
		{7EA1BE8D-819E-4A82-A53B-FFC1C6D9877F}.Debug|Any CPU.ActiveCfg = Debug|Any CPU
		{7EA1BE8D-819E-4A82-A53B-FFC1C6D9877F}.Debug|Any CPU.Build.0 = Debug|Any CPU
		{7EA1BE8D-819E-4A82-A53B-FFC1C6D9877F}.Release|Any CPU.ActiveCfg = Release|Any CPU
		{7EA1BE8D-819E-4A82-A53B-FFC1C6D9877F}.Release|Any CPU.Build.0 = Release|Any CPU
		{06263CB0-4FF8-4C98-93BA-A5D4FFDEB616}.Debug|Any CPU.ActiveCfg = Debug|Any CPU
		{06263CB0-4FF8-4C98-93BA-A5D4FFDEB616}.Debug|Any CPU.Build.0 = Debug|Any CPU
		{06263CB0-4FF8-4C98-93BA-A5D4FFDEB616}.Release|Any CPU.ActiveCfg = Release|Any CPU
		{06263CB0-4FF8-4C98-93BA-A5D4FFDEB616}.Release|Any CPU.Build.0 = Release|Any CPU
		{988A3DC3-0A0D-4D7F-B43E-9632C0D238D0}.Debug|Any CPU.ActiveCfg = Debug|Any CPU
		{988A3DC3-0A0D-4D7F-B43E-9632C0D238D0}.Debug|Any CPU.Build.0 = Debug|Any CPU
		{988A3DC3-0A0D-4D7F-B43E-9632C0D238D0}.Release|Any CPU.ActiveCfg = Release|Any CPU
		{988A3DC3-0A0D-4D7F-B43E-9632C0D238D0}.Release|Any CPU.Build.0 = Release|Any CPU
		{57EFE4FC-6A66-43D8-891B-59BE491A2108}.Debug|Any CPU.ActiveCfg = Debug|Any CPU
		{57EFE4FC-6A66-43D8-891B-59BE491A2108}.Debug|Any CPU.Build.0 = Debug|Any CPU
		{57EFE4FC-6A66-43D8-891B-59BE491A2108}.Release|Any CPU.ActiveCfg = Release|Any CPU
		{57EFE4FC-6A66-43D8-891B-59BE491A2108}.Release|Any CPU.Build.0 = Release|Any CPU
		{A4F44D3B-057A-476D-B3FE-5F71BAE89396}.Debug|Any CPU.ActiveCfg = Debug|Any CPU
		{A4F44D3B-057A-476D-B3FE-5F71BAE89396}.Debug|Any CPU.Build.0 = Debug|Any CPU
		{A4F44D3B-057A-476D-B3FE-5F71BAE89396}.Release|Any CPU.ActiveCfg = Release|Any CPU
		{A4F44D3B-057A-476D-B3FE-5F71BAE89396}.Release|Any CPU.Build.0 = Release|Any CPU
	EndGlobalSection
	GlobalSection(SolutionProperties) = preSolution
		HideSolutionNode = FALSE
	EndGlobalSection
EndGlobal
